PODS:
  - Flutter (1.0.0)
  - flutter_paystack (0.0.1):
    - Flutter

DEPENDENCIES:
  - Flutter (from `Flutter`)
  - flutter_paystack (from `.symlinks/plugins/flutter_paystack/ios`)

EXTERNAL SOURCES:
  Flutter:
    :path: Flutter
  flutter_paystack:
    :path: ".symlinks/plugins/flutter_paystack/ios"

SPEC CHECKSUMS:
  Flutter: 0e3d915762c693b495b44d77113d4970485de6ec
  flutter_paystack: 50021637b71e7712780744f69d2843e71b65175d

PODFILE CHECKSUM: c34e2287a9ccaa606aeceab922830efb9a6ff69a

COCOAPODS: 1.9.3
